
Microsoft Visual Studio Solution File, Format Version 12.00
# Visual Studio Version 17
VisualStudioVersion = 17.2.32616.157
MinimumVisualStudioVersion = 10.0.40219.1
Project("{FAE04EC0-301F-11D3-BF4B-00C04F79EFBC}") = "Test Analyst July 2022", "Test Analyst July 2022\Test Analyst July 2022.csproj", "{D3003BD5-9C4B-4F51-85ED-325B90E96552}"
EndProject
Global
	GlobalSection(SolutionConfigurationPlatforms) = preSolution
		Debug|Any CPU = Debug|Any CPU
		Release|Any CPU = Release|Any CPU
	EndGlobalSection
	GlobalSection(ProjectConfigurationPlatforms) = postSolution
		{D3003BD5-9C4B-4F51-85ED-325B90E96552}.Debug|Any CPU.ActiveCfg = Debug|Any CPU
		{D3003BD5-9C4B-4F51-85ED-325B90E96552}.Debug|Any CPU.Build.0 = Debug|Any CPU
		{D3003BD5-9C4B-4F51-85ED-325B90E96552}.Release|Any CPU.ActiveCfg = Release|Any CPU
		{D3003BD5-9C4B-4F51-85ED-325B90E96552}.Release|Any CPU.Build.0 = Release|Any CPU
	EndGlobalSection
	GlobalSection(SolutionProperties) = preSolution
		HideSolutionNode = FALSE
	EndGlobalSection
	GlobalSection(ExtensibilityGlobals) = postSolution
		SolutionGuid = {7ED27939-6CA1-4941-907C-9B9707CBC9B5}
	EndGlobalSection
EndGlobal
